
Microsoft Visual Studio Solution File, Format Version 12.00
# Visual Studio Version 16
VisualStudioVersion = 16.0.30804.86
MinimumVisualStudioVersion = 10.0.40219.1
Project("{FAE04EC0-301F-11D3-BF4B-00C04F79EFBC}") = "AccountApplication", "AccountApplication\AccountApplication.csproj", "{B004DCD9-0880-43B4-B7A4-80E315D4ADE8}"
EndProject
Global
	GlobalSection(SolutionConfigurationPlatforms) = preSolution
		Debug|Any CPU = Debug|Any CPU
		Release|Any CPU = Release|Any CPU
	EndGlobalSection
	GlobalSection(ProjectConfigurationPlatforms) = postSolution
		{B004DCD9-0880-43B4-B7A4-80E315D4ADE8}.Debug|Any CPU.ActiveCfg = Debug|Any CPU
		{B004DCD9-0880-43B4-B7A4-80E315D4ADE8}.Debug|Any CPU.Build.0 = Debug|Any CPU
		{B004DCD9-0880-43B4-B7A4-80E315D4ADE8}.Release|Any CPU.ActiveCfg = Release|Any CPU
		{B004DCD9-0880-43B4-B7A4-80E315D4ADE8}.Release|Any CPU.Build.0 = Release|Any CPU
	EndGlobalSection
	GlobalSection(SolutionProperties) = preSolution
		HideSolutionNode = FALSE
	EndGlobalSection
	GlobalSection(ExtensibilityGlobals) = postSolution
		SolutionGuid = {68FB7914-8283-413C-8A19-F1B67F32F0FA}
	EndGlobalSection
EndGlobal
